
Microsoft Visual Studio Solution File, Format Version 11.00
# Visual Studio 2010
Project("{E24C65DC-7377-472B-9ABA-BC803B73C61A}") = "Commercial Management", ".", "{544D60BF-511F-43E0-BC9E-41F76E762CE2}"
	ProjectSection(WebsiteProperties) = preProject
		TargetFrameworkMoniker = ".NETFramework,Version%3Dv4.0"
		ProjectReferences = "{1C386A94-F8B2-4D58-BF82-CCBEAA02BFC9}|Model.dll;{49D34943-5AB4-4EED-938F-30A85DD2EB3F}|BLL.dll;{FAF7B59B-1435-4AE8-A533-C8EE30C53A56}|Attributes.dll;{02BBEB7A-3C98-42DC-A88B-2E491314664B}|DAL.dll;"
		Debug.AspNetCompiler.VirtualPath = "/Commercial Management"
		Debug.AspNetCompiler.PhysicalPath = "..\Commercial Management\"
		Debug.AspNetCompiler.TargetPath = "PrecompiledWeb\Commercial Management\"
		Debug.AspNetCompiler.Updateable = "true"
		Debug.AspNetCompiler.ForceOverwrite = "true"
		Debug.AspNetCompiler.FixedNames = "false"
		Debug.AspNetCompiler.Debug = "True"
		Release.AspNetCompiler.VirtualPath = "/Commercial Management"
		Release.AspNetCompiler.PhysicalPath = "..\Commercial Management\"
		Release.AspNetCompiler.TargetPath = "PrecompiledWeb\Commercial Management\"
		Release.AspNetCompiler.Updateable = "true"
		Release.AspNetCompiler.ForceOverwrite = "true"
		Release.AspNetCompiler.FixedNames = "false"
		Release.AspNetCompiler.Debug = "False"
		VWDPort = "8795"
		DefaultWebSiteLanguage = "Visual C#"
	EndProjectSection
EndProject
Project("{FAE04EC0-301F-11D3-BF4B-00C04F79EFBC}") = "BLL", "BLL\BLL.csproj", "{49D34943-5AB4-4EED-938F-30A85DD2EB3F}"
EndProject
Project("{FAE04EC0-301F-11D3-BF4B-00C04F79EFBC}") = "DAL", "DAL\DAL.csproj", "{02BBEB7A-3C98-42DC-A88B-2E491314664B}"
EndProject
Project("{FAE04EC0-301F-11D3-BF4B-00C04F79EFBC}") = "Model", "Model\Model.csproj", "{1C386A94-F8B2-4D58-BF82-CCBEAA02BFC9}"
EndProject
Project("{FAE04EC0-301F-11D3-BF4B-00C04F79EFBC}") = "Attributes", "Attributes\Attributes.csproj", "{FAF7B59B-1435-4AE8-A533-C8EE30C53A56}"
EndProject
Global
	GlobalSection(SolutionConfigurationPlatforms) = preSolution
		Debug|Any CPU = Debug|Any CPU
		Release|Any CPU = Release|Any CPU
	EndGlobalSection
	GlobalSection(ProjectConfigurationPlatforms) = postSolution
		{544D60BF-511F-43E0-BC9E-41F76E762CE2}.Debug|Any CPU.ActiveCfg = Debug|Any CPU
		{544D60BF-511F-43E0-BC9E-41F76E762CE2}.Debug|Any CPU.Build.0 = Debug|Any CPU
		{544D60BF-511F-43E0-BC9E-41F76E762CE2}.Release|Any CPU.ActiveCfg = Debug|Any CPU
		{544D60BF-511F-43E0-BC9E-41F76E762CE2}.Release|Any CPU.Build.0 = Debug|Any CPU
		{49D34943-5AB4-4EED-938F-30A85DD2EB3F}.Debug|Any CPU.ActiveCfg = Debug|Any CPU
		{49D34943-5AB4-4EED-938F-30A85DD2EB3F}.Debug|Any CPU.Build.0 = Debug|Any CPU
		{49D34943-5AB4-4EED-938F-30A85DD2EB3F}.Release|Any CPU.ActiveCfg = Release|Any CPU
		{49D34943-5AB4-4EED-938F-30A85DD2EB3F}.Release|Any CPU.Build.0 = Release|Any CPU
		{02BBEB7A-3C98-42DC-A88B-2E491314664B}.Debug|Any CPU.ActiveCfg = Debug|Any CPU
		{02BBEB7A-3C98-42DC-A88B-2E491314664B}.Debug|Any CPU.Build.0 = Debug|Any CPU
		{02BBEB7A-3C98-42DC-A88B-2E491314664B}.Release|Any CPU.ActiveCfg = Release|Any CPU
		{02BBEB7A-3C98-42DC-A88B-2E491314664B}.Release|Any CPU.Build.0 = Release|Any CPU
		{1C386A94-F8B2-4D58-BF82-CCBEAA02BFC9}.Debug|Any CPU.ActiveCfg = Debug|Any CPU
		{1C386A94-F8B2-4D58-BF82-CCBEAA02BFC9}.Debug|Any CPU.Build.0 = Debug|Any CPU
		{1C386A94-F8B2-4D58-BF82-CCBEAA02BFC9}.Release|Any CPU.ActiveCfg = Release|Any CPU
		{1C386A94-F8B2-4D58-BF82-CCBEAA02BFC9}.Release|Any CPU.Build.0 = Release|Any CPU
		{FAF7B59B-1435-4AE8-A533-C8EE30C53A56}.Debug|Any CPU.ActiveCfg = Debug|Any CPU
		{FAF7B59B-1435-4AE8-A533-C8EE30C53A56}.Debug|Any CPU.Build.0 = Debug|Any CPU
		{FAF7B59B-1435-4AE8-A533-C8EE30C53A56}.Release|Any CPU.ActiveCfg = Release|Any CPU
		{FAF7B59B-1435-4AE8-A533-C8EE30C53A56}.Release|Any CPU.Build.0 = Release|Any CPU
	EndGlobalSection
	GlobalSection(SolutionProperties) = preSolution
		HideSolutionNode = FALSE
	EndGlobalSection
EndGlobal
